// !$*UTF8*$!
{
	archiveVersion = 1;
	classes = {
	};
	objectVersion = 55;
	objects = {

/* Begin PBXBuildFile section */
		211621A7287461F300D9626A /* ContentViewController.swift in Sources */ = {isa = PBXBuildFile; fileRef = 211621A6287461F300D9626A /* ContentViewController.swift */; };
		21B9C3632873142B008739FD /* SpacingsApp.swift in Sources */ = {isa = PBXBuildFile; fileRef = 21B9C3622873142B008739FD /* SpacingsApp.swift */; };
		21B9C3652873142B008739FD /* ContentView.swift in Sources */ = {isa = PBXBuildFile; fileRef = 21B9C3642873142B008739FD /* ContentView.swift */; };
		21B9C3672873142C008739FD /* Assets.xcassets in Resources */ = {isa = PBXBuildFile; fileRef = 21B9C3662873142C008739FD /* Assets.xcassets */; };
		21B9C36A2873142C008739FD /* Preview Assets.xcassets in Resources */ = {isa = PBXBuildFile; fileRef = 21B9C3692873142C008739FD /* Preview Assets.xcassets */; };
		21B9C3742873142C008739FD /* SpacingsTests.swift in Sources */ = {isa = PBXBuildFile; fileRef = 21B9C3732873142C008739FD /* SpacingsTests.swift */; };
		21B9C37E2873142C008739FD /* SpacingsUITests.swift in Sources */ = {isa = PBXBuildFile; fileRef = 21B9C37D2873142C008739FD /* SpacingsUITests.swift */; };
		21B9C3802873142C008739FD /* SpacingsUITestsLaunchTests.swift in Sources */ = {isa = PBXBuildFile; fileRef = 21B9C37F2873142C008739FD /* SpacingsUITestsLaunchTests.swift */; };
/* End PBXBuildFile section */

/* Begin PBXContainerItemProxy section */
		21B9C3702873142C008739FD /* PBXContainerItemProxy */ = {
			isa = PBXContainerItemProxy;
			containerPortal = 21B9C3572873142B008739FD /* Project object */;
			proxyType = 1;
			remoteGlobalIDString = 21B9C35E2873142B008739FD;
			remoteInfo = Spacings;
		};
		21B9C37A2873142C008739FD /* PBXContainerItemProxy */ = {
			isa = PBXContainerItemProxy;
			containerPortal = 21B9C3572873142B008739FD /* Project object */;
			proxyType = 1;
			remoteGlobalIDString = 21B9C35E2873142B008739FD;
			remoteInfo = Spacings;
		};
/* End PBXContainerItemProxy section */

/* Begin PBXFileReference section */
		211621A6287461F300D9626A /* ContentViewController.swift */ = {isa = PBXFileReference; lastKnownFileType = sourcecode.swift; path = ContentViewController.swift; sourceTree = "<group>"; };
		21B9C35F2873142B008739FD /* Spacings.app */ = {isa = PBXFileReference; explicitFileType = wrapper.application; includeInIndex = 0; path = Spacings.app; sourceTree = BUILT_PRODUCTS_DIR; };
		21B9C3622873142B008739FD /* SpacingsApp.swift */ = {isa = PBXFileReference; lastKnownFileType = sourcecode.swift; path = SpacingsApp.swift; sourceTree = "<group>"; };
		21B9C3642873142B008739FD /* ContentView.swift */ = {isa = PBXFileReference; lastKnownFileType = sourcecode.swift; path = ContentView.swift; sourceTree = "<group>"; };
		21B9C3662873142C008739FD /* Assets.xcassets */ = {isa = PBXFileReference; lastKnownFileType = folder.assetcatalog; path = Assets.xcassets; sourceTree = "<group>"; };
		21B9C3692873142C008739FD /* Preview Assets.xcassets */ = {isa = PBXFileReference; lastKnownFileType = folder.assetcatalog; path = "Preview Assets.xcassets"; sourceTree = "<group>"; };
		21B9C36F2873142C008739FD /* SpacingsTests.xctest */ = {isa = PBXFileReference; explicitFileType = wrapper.cfbundle; includeInIndex = 0; path = SpacingsTests.xctest; sourceTree = BUILT_PRODUCTS_DIR; };
		21B9C3732873142C008739FD /* SpacingsTests.swift */ = {isa = PBXFileReference; lastKnownFileType = sourcecode.swift; path = SpacingsTests.swift; sourceTree = "<group>"; };
		21B9C3792873142C008739FD /* SpacingsUITests.xctest */ = {isa = PBXFileReference; explicitFileType = wrapper.cfbundle; includeInIndex = 0; path = SpacingsUITests.xctest; sourceTree = BUILT_PRODUCTS_DIR; };
		21B9C37D2873142C008739FD /* SpacingsUITests.swift */ = {isa = PBXFileReference; lastKnownFileType = sourcecode.swift; path = SpacingsUITests.swift; sourceTree = "<group>"; };
		21B9C37F2873142C008739FD /* SpacingsUITestsLaunchTests.swift */ = {isa = PBXFileReference; lastKnownFileType = sourcecode.swift; path = SpacingsUITestsLaunchTests.swift; sourceTree = "<group>"; };
/* End PBXFileReference section */

/* Begin PBXFrameworksBuildPhase section */
		21B9C35C2873142B008739FD /* Frameworks */ = {
			isa = PBXFrameworksBuildPhase;
			buildActionMask = 2147483647;
			files = (
			);
			runOnlyForDeploymentPostprocessing = 0;
		};
		21B9C36C2873142C008739FD /* Frameworks */ = {
			isa = PBXFrameworksBuildPhase;
			buildActionMask = 2147483647;
			files = (
			);
			runOnlyForDeploymentPostprocessing = 0;
		};
		21B9C3762873142C008739FD /* Frameworks */ = {
			isa = PBXFrameworksBuildPhase;
			buildActionMask = 2147483647;
			files = (
			);
			runOnlyForDeploymentPostprocessing = 0;
		};
/* End PBXFrameworksBuildPhase section */

/* Begin PBXGroup section */
		21B9C3562873142B008739FD = {
			isa = PBXGroup;
			children = (
				21B9C3612873142B008739FD /* Spacings */,
				21B9C3722873142C008739FD /* SpacingsTests */,
				21B9C37C2873142C008739FD /* SpacingsUITests */,
				21B9C3602873142B008739FD /* Products */,
			);
			sourceTree = "<group>";
		};
		21B9C3602873142B008739FD /* Products */ = {
			isa = PBXGroup;
			children = (
				21B9C35F2873142B008739FD /* Spacings.app */,
				21B9C36F2873142C008739FD /* SpacingsTests.xctest */,
				21B9C3792873142C008739FD /* SpacingsUITests.xctest */,
			);
			name = Products;
			sourceTree = "<group>";
		};
		21B9C3612873142B008739FD /* Spacings */ = {
			isa = PBXGroup;
			children = (
				21B9C3622873142B008739FD /* SpacingsApp.swift */,
				21B9C3642873142B008739FD /* ContentView.swift */,
				211621A6287461F300D9626A /* ContentViewController.swift */,
				21B9C3662873142C008739FD /* Assets.xcassets */,
				21B9C3682873142C008739FD /* Preview Content */,
			);
			path = Spacings;
			sourceTree = "<group>";
		};
		21B9C3682873142C008739FD /* Preview Content */ = {
			isa = PBXGroup;
			children = (
				21B9C3692873142C008739FD /* Preview Assets.xcassets */,
			);
			path = "Preview Content";
			sourceTree = "<group>";
		};
		21B9C3722873142C008739FD /* SpacingsTests */ = {
			isa = PBXGroup;
			children = (
				21B9C3732873142C008739FD /* SpacingsTests.swift */,
			);
			path = SpacingsTests;
			sourceTree = "<group>";
		};
		21B9C37C2873142C008739FD /* SpacingsUITests */ = {
			isa = PBXGroup;
			children = (
				21B9C37D2873142C008739FD /* SpacingsUITests.swift */,
				21B9C37F2873142C008739FD /* SpacingsUITestsLaunchTests.swift */,
			);
			path = SpacingsUITests;
			sourceTree = "<group>";
		};
/* End PBXGroup section */

/* Begin PBXNativeTarget section */
		21B9C35E2873142B008739FD /* Spacings */ = {
			isa = PBXNativeTarget;
			buildConfigurationList = 21B9C3832873142C008739FD /* Build configuration list for PBXNativeTarget "Spacings" */;
			buildPhases = (
				21B9C35B2873142B008739FD /* Sources */,
				21B9C35C2873142B008739FD /* Frameworks */,
				21B9C35D2873142B008739FD /* Resources */,
			);
			buildRules = (
			);
			dependencies = (
			);
			name = Spacings;
			productName = Spacings;
			productReference = 21B9C35F2873142B008739FD /* Spacings.app */;
			productType = "com.apple.product-type.application";
		};
		21B9C36E2873142C008739FD /* SpacingsTests */ = {
			isa = PBXNativeTarget;
			buildConfigurationList = 21B9C3862873142C008739FD /* Build configuration list for PBXNativeTarget "SpacingsTests" */;
			buildPhases = (
				21B9C36B2873142C008739FD /* Sources */,
				21B9C36C2873142C008739FD /* Frameworks */,
				21B9C36D2873142C008739FD /* Resources */,
			);
			buildRules = (
			);
			dependencies = (
				21B9C3712873142C008739FD /* PBXTargetDependency */,
			);
			name = SpacingsTests;
			productName = SpacingsTests;
			productReference = 21B9C36F2873142C008739FD /* SpacingsTests.xctest */;
			productType = "com.apple.product-type.bundle.unit-test";
		};
		21B9C3782873142C008739FD /* SpacingsUITests */ = {
			isa = PBXNativeTarget;
			buildConfigurationList = 21B9C3892873142C008739FD /* Build configuration list for PBXNativeTarget "SpacingsUITests" */;
			buildPhases = (
				21B9C3752873142C008739FD /* Sources */,
				21B9C3762873142C008739FD /* Frameworks */,
				21B9C3772873142C008739FD /* Resources */,
			);
			buildRules = (
			);
			dependencies = (
				21B9C37B2873142C008739FD /* PBXTargetDependency */,
			);
			name = SpacingsUITests;
			productName = SpacingsUITests;
			productReference = 21B9C3792873142C008739FD /* SpacingsUITests.xctest */;
			productType = "com.apple.product-type.bundle.ui-testing";
		};
/* End PBXNativeTarget section */

/* Begin PBXProject section */
		21B9C3572873142B008739FD /* Project object */ = {
			isa = PBXProject;
			attributes = {
				BuildIndependentTargetsInParallel = 1;
				LastSwiftUpdateCheck = 1340;
				LastUpgradeCheck = 1340;
				TargetAttributes = {
					21B9C35E2873142B008739FD = {
						CreatedOnToolsVersion = 13.4.1;
					};
					21B9C36E2873142C008739FD = {
						CreatedOnToolsVersion = 13.4.1;
						TestTargetID = 21B9C35E2873142B008739FD;
					};
					21B9C3782873142C008739FD = {
						CreatedOnToolsVersion = 13.4.1;
						TestTargetID = 21B9C35E2873142B008739FD;
					};
				};
			};
			buildConfigurationList = 21B9C35A2873142B008739FD /* Build configuration list for PBXProject "Spacings" */;
			compatibilityVersion = "Xcode 13.0";
			developmentRegion = en;
			hasScannedForEncodings = 0;
			knownRegions = (
				en,
				Base,
			);
			mainGroup = 21B9C3562873142B008739FD;
			productRefGroup = 21B9C3602873142B008739FD /* Products */;
			projectDirPath = "";
			projectRoot = "";
			targets = (
				21B9C35E2873142B008739FD /* Spacings */,
				21B9C36E2873142C008739FD /* SpacingsTests */,
				21B9C3782873142C008739FD /* SpacingsUITests */,
			);
		};
/* End PBXProject section */

/* Begin PBXResourcesBuildPhase section */
		21B9C35D2873142B008739FD /* Resources */ = {
			isa = PBXResourcesBuildPhase;
			buildActionMask = 2147483647;
			files = (
				21B9C36A2873142C008739FD /* Preview Assets.xcassets in Resources */,
				21B9C3672873142C008739FD /* Assets.xcassets in Resources */,
			);
			runOnlyForDeploymentPostprocessing = 0;
		};
		21B9C36D2873142C008739FD /* Resources */ = {
			isa = PBXResourcesBuildPhase;
			buildActionMask = 2147483647;
			files = (
			);
			runOnlyForDeploymentPostprocessing = 0;
		};
		21B9C3772873142C008739FD /* Resources */ = {
			isa = PBXResourcesBuildPhase;
			buildActionMask = 2147483647;
			files = (
			);
			runOnlyForDeploymentPostprocessing = 0;
		};
/* End PBXResourcesBuildPhase section */

/* Begin PBXSourcesBuildPhase section */
		21B9C35B2873142B008739FD /* Sources */ = {
			isa = PBXSourcesBuildPhase;
			buildActionMask = 2147483647;
			files = (
				21B9C3652873142B008739FD /* ContentView.swift in Sources */,
				211621A7287461F300D9626A /* ContentViewController.swift in Sources */,
				21B9C3632873142B008739FD /* SpacingsApp.swift in Sources */,
			);
			runOnlyForDeploymentPostprocessing = 0;
		};
		21B9C36B2873142C008739FD /* Sources */ = {
			isa = PBXSourcesBuildPhase;
			buildActionMask = 2147483647;
			files = (
				21B9C3742873142C008739FD /* SpacingsTests.swift in Sources */,
			);
			runOnlyForDeploymentPostprocessing = 0;
		};
		21B9C3752873142C008739FD /* Sources */ = {
			isa = PBXSourcesBuildPhase;
			buildActionMask = 2147483647;
			files = (
				21B9C3802873142C008739FD /* SpacingsUITestsLaunchTests.swift in Sources */,
				21B9C37E2873142C008739FD /* SpacingsUITests.swift in Sources */,
			);
			runOnlyForDeploymentPostprocessing = 0;
		};
/* End PBXSourcesBuildPhase section */

/* Begin PBXTargetDependency section */
		21B9C3712873142C008739FD /* PBXTargetDependency */ = {
			isa = PBXTargetDependency;
			target = 21B9C35E2873142B008739FD /* Spacings */;
			targetProxy = 21B9C3702873142C008739FD /* PBXContainerItemProxy */;
		};
		21B9C37B2873142C008739FD /* PBXTargetDependency */ = {
			isa = PBXTargetDependency;
			target = 21B9C35E2873142B008739FD /* Spacings */;
			targetProxy = 21B9C37A2873142C008739FD /* PBXContainerItemProxy */;
		};
/* End PBXTargetDependency section */

/* Begin XCBuildConfiguration section */
		21B9C3812873142C008739FD /* Debug */ = {
			isa = XCBuildConfiguration;
			buildSettings = {
				ALWAYS_SEARCH_USER_PATHS = NO;
				CLANG_ANALYZER_NONNULL = YES;
				CLANG_ANALYZER_NUMBER_OBJECT_CONVERSION = YES_AGGRESSIVE;
				CLANG_CXX_LANGUAGE_STANDARD = "gnu++17";
				CLANG_ENABLE_MODULES = YES;
				CLANG_ENABLE_OBJC_ARC = YES;
				CLANG_ENABLE_OBJC_WEAK = YES;
				CLANG_WARN_BLOCK_CAPTURE_AUTORELEASING = YES;
				CLANG_WARN_BOOL_CONVERSION = YES;
				CLANG_WARN_COMMA = YES;
				CLANG_WARN_CONSTANT_CONVERSION = YES;
				CLANG_WARN_DEPRECATED_OBJC_IMPLEMENTATIONS = YES;
				CLANG_WARN_DIRECT_OBJC_ISA_USAGE = YES_ERROR;
				CLANG_WARN_DOCUMENTATION_COMMENTS = YES;
				CLANG_WARN_EMPTY_BODY = YES;
				CLANG_WARN_ENUM_CONVERSION = YES;
				CLANG_WARN_INFINITE_RECURSION = YES;
				CLANG_WARN_INT_CONVERSION = YES;
				CLANG_WARN_NON_LITERAL_NULL_CONVERSION = YES;
				CLANG_WARN_OBJC_IMPLICIT_RETAIN_SELF = YES;
				CLANG_WARN_OBJC_LITERAL_CONVERSION = YES;
				CLANG_WARN_OBJC_ROOT_CLASS = YES_ERROR;
				CLANG_WARN_QUOTED_INCLUDE_IN_FRAMEWORK_HEADER = YES;
				CLANG_WARN_RANGE_LOOP_ANALYSIS = YES;
				CLANG_WARN_STRICT_PROTOTYPES = YES;
				CLANG_WARN_SUSPICIOUS_MOVE = YES;
				CLANG_WARN_UNGUARDED_AVAILABILITY = YES_AGGRESSIVE;
				CLANG_WARN_UNREACHABLE_CODE = YES;
				CLANG_WARN__DUPLICATE_METHOD_MATCH = YES;
				COPY_PHASE_STRIP = NO;
				DEBUG_INFORMATION_FORMAT = dwarf;
				ENABLE_STRICT_OBJC_MSGSEND = YES;
				ENABLE_TESTABILITY = YES;
				GCC_C_LANGUAGE_STANDARD = gnu11;
				GCC_DYNAMIC_NO_PIC = NO;
				GCC_NO_COMMON_BLOCKS = YES;
				GCC_OPTIMIZATION_LEVEL = 0;
				GCC_PREPROCESSOR_DEFINITIONS = (
					"DEBUG=1",
					"$(inherited)",
				);
				GCC_WARN_64_TO_32_BIT_CONVERSION = YES;
				GCC_WARN_ABOUT_RETURN_TYPE = YES_ERROR;
				GCC_WARN_UNDECLARED_SELECTOR = YES;
				GCC_WARN_UNINITIALIZED_AUTOS = YES_AGGRESSIVE;
				GCC_WARN_UNUSED_FUNCTION = YES;
				GCC_WARN_UNUSED_VARIABLE = YES;
				IPHONEOS_DEPLOYMENT_TARGET = 15.5;
				MTL_ENABLE_DEBUG_INFO = INCLUDE_SOURCE;
				MTL_FAST_MATH = YES;
				ONLY_ACTIVE_ARCH = YES;
				SDKROOT = iphoneos;
				SWIFT_ACTIVE_COMPILATION_CONDITIONS = DEBUG;
				SWIFT_OPTIMIZATION_LEVEL = "-Onone";
			};
			name = Debug;
		};
		21B9C3822873142C008739FD /* Release */ = {
			isa = XCBuildConfiguration;
			buildSettings = {
				ALWAYS_SEARCH_USER_PATHS = NO;
				CLANG_ANALYZER_NONNULL = YES;
				CLANG_ANALYZER_NUMBER_OBJECT_CONVERSION = YES_AGGRESSIVE;
				CLANG_CXX_LANGUAGE_STANDARD = "gnu++17";
				CLANG_ENABLE_MODULES = YES;
				CLANG_ENABLE_OBJC_ARC = YES;
				CLANG_ENABLE_OBJC_WEAK = YES;
				CLANG_WARN_BLOCK_CAPTURE_AUTORELEASING = YES;
				CLANG_WARN_BOOL_CONVERSION = YES;
				CLANG_WARN_COMMA = YES;
				CLANG_WARN_CONSTANT_CONVERSION = YES;
				CLANG_WARN_DEPRECATED_OBJC_IMPLEMENTATIONS = YES;
				CLANG_WARN_DIRECT_OBJC_ISA_USAGE = YES_ERROR;
				CLANG_WARN_DOCUMENTATION_COMMENTS = YES;
				CLANG_WARN_EMPTY_BODY = YES;
				CLANG_WARN_ENUM_CONVERSION = YES;
				CLANG_WARN_INFINITE_RECURSION = YES;
				CLANG_WARN_INT_CONVERSION = YES;
				CLANG_WARN_NON_LITERAL_NULL_CONVERSION = YES;
				CLANG_WARN_OBJC_IMPLICIT_RETAIN_SELF = YES;
				CLANG_WARN_OBJC_LITERAL_CONVERSION = YES;
				CLANG_WARN_OBJC_ROOT_CLASS = YES_ERROR;
				CLANG_WARN_QUOTED_INCLUDE_IN_FRAMEWORK_HEADER = YES;
				CLANG_WARN_RANGE_LOOP_ANALYSIS = YES;
				CLANG_WARN_STRICT_PROTOTYPES = YES;
				CLANG_WARN_SUSPICIOUS_MOVE = YES;
				CLANG_WARN_UNGUARDED_AVAILABILITY = YES_AGGRESSIVE;
				CLANG_WARN_UNREACHABLE_CODE = YES;
				CLANG_WARN__DUPLICATE_METHOD_MATCH = YES;
				COPY_PHASE_STRIP = NO;
				DEBUG_INFORMATION_FORMAT = "dwarf-with-dsym";
				ENABLE_NS_ASSERTIONS = NO;
				ENABLE_STRICT_OBJC_MSGSEND = YES;
				GCC_C_LANGUAGE_STANDARD = gnu11;
				GCC_NO_COMMON_BLOCKS = YES;
				GCC_WARN_64_TO_32_BIT_CONVERSION = YES;
				GCC_WARN_ABOUT_RETURN_TYPE = YES_ERROR;
				GCC_WARN_UNDECLARED_SELECTOR = YES;
				GCC_WARN_UNINITIALIZED_AUTOS = YES_AGGRESSIVE;
				GCC_WARN_UNUSED_FUNCTION = YES;
				GCC_WARN_UNUSED_VARIABLE = YES;
				IPHONEOS_DEPLOYMENT_TARGET = 15.5;
				MTL_ENABLE_DEBUG_INFO = NO;
				MTL_FAST_MATH = YES;
				SDKROOT = iphoneos;
				SWIFT_COMPILATION_MODE = wholemodule;
				SWIFT_OPTIMIZATION_LEVEL = "-O";
				VALIDATE_PRODUCT = YES;
			};
			name = Release;
		};
		21B9C3842873142C008739FD /* Debug */ = {
			isa = XCBuildConfiguration;
			buildSettings = {
				ASSETCATALOG_COMPILER_APPICON_NAME = AppIcon;
				ASSETCATALOG_COMPILER_GLOBAL_ACCENT_COLOR_NAME = AccentColor;
				CODE_SIGN_STYLE = Automatic;
				CURRENT_PROJECT_VERSION = 1;
				DEVELOPMENT_ASSET_PATHS = "\"Spacings/Preview Content\"";
				DEVELOPMENT_TEAM = 79NBZML2KJ;
				ENABLE_PREVIEWS = YES;
				GENERATE_INFOPLIST_FILE = YES;
				INFOPLIST_KEY_UIApplicationSceneManifest_Generation = YES;
				INFOPLIST_KEY_UIApplicationSupportsIndirectInputEvents = YES;
				INFOPLIST_KEY_UILaunchScreen_Generation = YES;
				INFOPLIST_KEY_UISupportedInterfaceOrientations_iPad = "UIInterfaceOrientationPortrait UIInterfaceOrientationPortraitUpsideDown UIInterfaceOrientationLandscapeLeft UIInterfaceOrientationLandscapeRight";
				INFOPLIST_KEY_UISupportedInterfaceOrientations_iPhone = "UIInterfaceOrientationPortrait UIInterfaceOrientationLandscapeLeft UIInterfaceOrientationLandscapeRight";
				LD_RUNPATH_SEARCH_PATHS = (
					"$(inherited)",
					"@executable_path/Frameworks",
				);
				MARKETING_VERSION = 1.0;
				PRODUCT_BUNDLE_IDENTIFIER = com.agapovco.Spacings;
				PRODUCT_NAME = "$(TARGET_NAME)";
				SWIFT_EMIT_LOC_STRINGS = YES;
				SWIFT_VERSION = 5.0;
				TARGETED_DEVICE_FAMILY = "1,2";
			};
			name = Debug;
		};
		21B9C3852873142C008739FD /* Release */ = {
			isa = XCBuildConfiguration;
			buildSettings = {
				ASSETCATALOG_COMPILER_APPICON_NAME = AppIcon;
				ASSETCATALOG_COMPILER_GLOBAL_ACCENT_COLOR_NAME = AccentColor;
				CODE_SIGN_STYLE = Automatic;
				CURRENT_PROJECT_VERSION = 1;
				DEVELOPMENT_ASSET_PATHS = "\"Spacings/Preview Content\"";
				DEVELOPMENT_TEAM = 79NBZML2KJ;
				ENABLE_PREVIEWS = YES;
				GENERATE_INFOPLIST_FILE = YES;
				INFOPLIST_KEY_UIApplicationSceneManifest_Generation = YES;
				INFOPLIST_KEY_UIApplicationSupportsIndirectInputEvents = YES;
				INFOPLIST_KEY_UILaunchScreen_Generation = YES;
				INFOPLIST_KEY_UISupportedInterfaceOrientations_iPad = "UIInterfaceOrientationPortrait UIInterfaceOrientationPortraitUpsideDown UIInterfaceOrientationLandscapeLeft UIInterfaceOrientationLandscapeRight";
				INFOPLIST_KEY_UISupportedInterfaceOrientations_iPhone = "UIInterfaceOrientationPortrait UIInterfaceOrientationLandscapeLeft UIInterfaceOrientationLandscapeRight";
				LD_RUNPATH_SEARCH_PATHS = (
					"$(inherited)",
					"@executable_path/Frameworks",
				);
				MARKETING_VERSION = 1.0;
				PRODUCT_BUNDLE_IDENTIFIER = com.agapovco.Spacings;
				PRODUCT_NAME = "$(TARGET_NAME)";
				SWIFT_EMIT_LOC_STRINGS = YES;
				SWIFT_VERSION = 5.0;
				TARGETED_DEVICE_FAMILY = "1,2";
			};
			name = Release;
		};
		21B9C3872873142C008739FD /* Debug */ = {
			isa = XCBuildConfiguration;
			buildSettings = {
				ALWAYS_EMBED_SWIFT_STANDARD_LIBRARIES = YES;
				BUNDLE_LOADER = "$(TEST_HOST)";
				CODE_SIGN_STYLE = Automatic;
				CURRENT_PROJECT_VERSION = 1;
				DEVELOPMENT_TEAM = 79NBZML2KJ;
				GENERATE_INFOPLIST_FILE = YES;
				IPHONEOS_DEPLOYMENT_TARGET = 15.5;
				MARKETING_VERSION = 1.0;
				PRODUCT_BUNDLE_IDENTIFIER = com.agapovco.SpacingsTests;
				PRODUCT_NAME = "$(TARGET_NAME)";
				SWIFT_EMIT_LOC_STRINGS = NO;
				SWIFT_VERSION = 5.0;
				TARGETED_DEVICE_FAMILY = "1,2";
				TEST_HOST = "$(BUILT_PRODUCTS_DIR)/Spacings.app/Spacings";
			};
			name = Debug;
		};
		21B9C3882873142C008739FD /* Release */ = {
			isa = XCBuildConfiguration;
			buildSettings = {
				ALWAYS_EMBED_SWIFT_STANDARD_LIBRARIES = YES;
				BUNDLE_LOADER = "$(TEST_HOST)";
				CODE_SIGN_STYLE = Automatic;
				CURRENT_PROJECT_VERSION = 1;
				DEVELOPMENT_TEAM = 79NBZML2KJ;
				GENERATE_INFOPLIST_FILE = YES;
				IPHONEOS_DEPLOYMENT_TARGET = 15.5;
				MARKETING_VERSION = 1.0;
				PRODUCT_BUNDLE_IDENTIFIER = com.agapovco.SpacingsTests;
				PRODUCT_NAME = "$(TARGET_NAME)";
				SWIFT_EMIT_LOC_STRINGS = NO;
				SWIFT_VERSION = 5.0;
				TARGETED_DEVICE_FAMILY = "1,2";
				TEST_HOST = "$(BUILT_PRODUCTS_DIR)/Spacings.app/Spacings";
			};
			name = Release;
		};
		21B9C38A2873142C008739FD /* Debug */ = {
			isa = XCBuildConfiguration;
			buildSettings = {
				ALWAYS_EMBED_SWIFT_STANDARD_LIBRARIES = YES;
				CODE_SIGN_STYLE = Automatic;
				CURRENT_PROJECT_VERSION = 1;
				DEVELOPMENT_TEAM = 79NBZML2KJ;
				GENERATE_INFOPLIST_FILE = YES;
				MARKETING_VERSION = 1.0;
				PRODUCT_BUNDLE_IDENTIFIER = com.agapovco.SpacingsUITests;
				PRODUCT_NAME = "$(TARGET_NAME)";
				SWIFT_EMIT_LOC_STRINGS = NO;
				SWIFT_VERSION = 5.0;
				TARGETED_DEVICE_FAMILY = "1,2";
				TEST_TARGET_NAME = Spacings;
			};
			name = Debug;
		};
		21B9C38B2873142C008739FD /* Release */ = {
			isa = XCBuildConfiguration;
			buildSettings = {
				ALWAYS_EMBED_SWIFT_STANDARD_LIBRARIES = YES;
				CODE_SIGN_STYLE = Automatic;
				CURRENT_PROJECT_VERSION = 1;
				DEVELOPMENT_TEAM = 79NBZML2KJ;
				GENERATE_INFOPLIST_FILE = YES;
				MARKETING_VERSION = 1.0;
				PRODUCT_BUNDLE_IDENTIFIER = com.agapovco.SpacingsUITests;
				PRODUCT_NAME = "$(TARGET_NAME)";
				SWIFT_EMIT_LOC_STRINGS = NO;
				SWIFT_VERSION = 5.0;
				TARGETED_DEVICE_FAMILY = "1,2";
				TEST_TARGET_NAME = Spacings;
			};
			name = Release;
		};
/* End XCBuildConfiguration section */

/* Begin XCConfigurationList section */
		21B9C35A2873142B008739FD /* Build configuration list for PBXProject "Spacings" */ = {
			isa = XCConfigurationList;
			buildConfigurations = (
				21B9C3812873142C008739FD /* Debug */,
				21B9C3822873142C008739FD /* Release */,
			);
			defaultConfigurationIsVisible = 0;
			defaultConfigurationName = Release;
		};
		21B9C3832873142C008739FD /* Build configuration list for PBXNativeTarget "Spacings" */ = {
			isa = XCConfigurationList;
			buildConfigurations = (
				21B9C3842873142C008739FD /* Debug */,
				21B9C3852873142C008739FD /* Release */,
			);
			defaultConfigurationIsVisible = 0;
			defaultConfigurationName = Release;
		};
		21B9C3862873142C008739FD /* Build configuration list for PBXNativeTarget "SpacingsTests" */ = {
			isa = XCConfigurationList;
			buildConfigurations = (
				21B9C3872873142C008739FD /* Debug */,
				21B9C3882873142C008739FD /* Release */,
			);
			defaultConfigurationIsVisible = 0;
			defaultConfigurationName = Release;
		};
		21B9C3892873142C008739FD /* Build configuration list for PBXNativeTarget "SpacingsUITests" */ = {
			isa = XCConfigurationList;
			buildConfigurations = (
				21B9C38A2873142C008739FD /* Debug */,
				21B9C38B2873142C008739FD /* Release */,
			);
			defaultConfigurationIsVisible = 0;
			defaultConfigurationName = Release;
		};
/* End XCConfigurationList section */
	};
	rootObject = 21B9C3572873142B008739FD /* Project object */;
}
